
Microsoft Visual Studio Solution File, Format Version 12.00
# Visual Studio 14
VisualStudioVersion = 14.0.25420.1
MinimumVisualStudioVersion = 10.0.40219.1
Project("{FAE04EC0-301F-11D3-BF4B-00C04F79EFBC}") = "mRides-app", "mRides-app\mRides-app.csproj", "{2A124686-4C6E-448E-A0D8-159DA3828ABE}"
EndProject
Project("{FAE04EC0-301F-11D3-BF4B-00C04F79EFBC}") = "UITests", "UITest\UITests.csproj", "{85A4CC98-F1AD-45F2-9C01-EBB5EA192326}"
EndProject
Project("{FAE04EC0-301F-11D3-BF4B-00C04F79EFBC}") = "UnitTests", "UnitTests\UnitTests.csproj", "{F69BC183-4326-44E3-9065-6C9B2C4367D0}"
EndProject
Project("{7CF6DF6D-3B04-46F8-A40B-537D21BCA0B4}") = "mRidesDocumentation", "mRidesDocumentation\mRidesDocumentation.shfbproj", "{EE65D60D-AA02-47C5-870E-B857E1572B54}"
EndProject
Global
	GlobalSection(SolutionConfigurationPlatforms) = preSolution
		Debug|Any CPU = Debug|Any CPU
		Release|Any CPU = Release|Any CPU
	EndGlobalSection
	GlobalSection(ProjectConfigurationPlatforms) = postSolution
		{2A124686-4C6E-448E-A0D8-159DA3828ABE}.Debug|Any CPU.ActiveCfg = Debug|Any CPU
		{2A124686-4C6E-448E-A0D8-159DA3828ABE}.Debug|Any CPU.Build.0 = Debug|Any CPU
		{2A124686-4C6E-448E-A0D8-159DA3828ABE}.Debug|Any CPU.Deploy.0 = Debug|Any CPU
		{2A124686-4C6E-448E-A0D8-159DA3828ABE}.Release|Any CPU.ActiveCfg = Release|Any CPU
		{2A124686-4C6E-448E-A0D8-159DA3828ABE}.Release|Any CPU.Build.0 = Release|Any CPU
		{2A124686-4C6E-448E-A0D8-159DA3828ABE}.Release|Any CPU.Deploy.0 = Release|Any CPU
		{85A4CC98-F1AD-45F2-9C01-EBB5EA192326}.Debug|Any CPU.ActiveCfg = Debug|Any CPU
		{85A4CC98-F1AD-45F2-9C01-EBB5EA192326}.Debug|Any CPU.Build.0 = Debug|Any CPU
		{85A4CC98-F1AD-45F2-9C01-EBB5EA192326}.Release|Any CPU.ActiveCfg = Release|Any CPU
		{85A4CC98-F1AD-45F2-9C01-EBB5EA192326}.Release|Any CPU.Build.0 = Release|Any CPU
		{F69BC183-4326-44E3-9065-6C9B2C4367D0}.Debug|Any CPU.ActiveCfg = Debug|Any CPU
		{F69BC183-4326-44E3-9065-6C9B2C4367D0}.Debug|Any CPU.Build.0 = Debug|Any CPU
		{F69BC183-4326-44E3-9065-6C9B2C4367D0}.Debug|Any CPU.Deploy.0 = Debug|Any CPU
		{F69BC183-4326-44E3-9065-6C9B2C4367D0}.Release|Any CPU.ActiveCfg = Release|Any CPU
		{F69BC183-4326-44E3-9065-6C9B2C4367D0}.Release|Any CPU.Build.0 = Release|Any CPU
		{F69BC183-4326-44E3-9065-6C9B2C4367D0}.Release|Any CPU.Deploy.0 = Release|Any CPU
		{EE65D60D-AA02-47C5-870E-B857E1572B54}.Debug|Any CPU.ActiveCfg = Debug|Any CPU
		{EE65D60D-AA02-47C5-870E-B857E1572B54}.Debug|Any CPU.Build.0 = Debug|Any CPU
		{EE65D60D-AA02-47C5-870E-B857E1572B54}.Release|Any CPU.ActiveCfg = Release|Any CPU
		{EE65D60D-AA02-47C5-870E-B857E1572B54}.Release|Any CPU.Build.0 = Release|Any CPU
	EndGlobalSection
	GlobalSection(SolutionProperties) = preSolution
		HideSolutionNode = FALSE
	EndGlobalSection
EndGlobal
